
Microsoft Visual Studio Solution File, Format Version 12.00
# Visual Studio 14
VisualStudioVersion = 14.0.23107.0
MinimumVisualStudioVersion = 10.0.40219.1
Project("{FAE04EC0-301F-11D3-BF4B-00C04F79EFBC}") = "AdoNet", "ItCloudAcademyCSharp\AdoNet.csproj", "{C647C826-2ACB-487C-90E8-027E8A048998}"
EndProject
Project("{FAE04EC0-301F-11D3-BF4B-00C04F79EFBC}") = "EntityFrameWork", "EntityFrameWork\EntityFrameWork.csproj", "{D70ADB16-CE03-4B6C-9CD4-77D1C2664C67}"
EndProject
Global
	GlobalSection(SolutionConfigurationPlatforms) = preSolution
		Debug|Any CPU = Debug|Any CPU
		Release|Any CPU = Release|Any CPU
	EndGlobalSection
	GlobalSection(ProjectConfigurationPlatforms) = postSolution
		{C647C826-2ACB-487C-90E8-027E8A048998}.Debug|Any CPU.ActiveCfg = Debug|Any CPU
		{C647C826-2ACB-487C-90E8-027E8A048998}.Debug|Any CPU.Build.0 = Debug|Any CPU
		{C647C826-2ACB-487C-90E8-027E8A048998}.Release|Any CPU.ActiveCfg = Release|Any CPU
		{C647C826-2ACB-487C-90E8-027E8A048998}.Release|Any CPU.Build.0 = Release|Any CPU
		{D70ADB16-CE03-4B6C-9CD4-77D1C2664C67}.Debug|Any CPU.ActiveCfg = Debug|Any CPU
		{D70ADB16-CE03-4B6C-9CD4-77D1C2664C67}.Debug|Any CPU.Build.0 = Debug|Any CPU
		{D70ADB16-CE03-4B6C-9CD4-77D1C2664C67}.Release|Any CPU.ActiveCfg = Release|Any CPU
		{D70ADB16-CE03-4B6C-9CD4-77D1C2664C67}.Release|Any CPU.Build.0 = Release|Any CPU
	EndGlobalSection
	GlobalSection(SolutionProperties) = preSolution
		HideSolutionNode = FALSE
	EndGlobalSection
EndGlobal
